// !$*UTF8*$!
{
	archiveVersion = 1;
	classes = {
	};
	objectVersion = 56;
	objects = {

/* Begin PBXBuildFile section */
		D805DF282A6F1C5000D3B494 /* Test.swift in Sources */ = {isa = PBXBuildFile; fileRef = D805DF272A6F1C5000D3B494 /* Test.swift */; };
		D81153322A980C2700446EEF /* IDEUtils in Frameworks */ = {isa = PBXBuildFile; productRef = D81153312A980C2700446EEF /* IDEUtils */; };
		D81153342A980C2700446EEF /* SwiftDiagnostics in Frameworks */ = {isa = PBXBuildFile; productRef = D81153332A980C2700446EEF /* SwiftDiagnostics */; };
		D81153362A980C2700446EEF /* SwiftOperators in Frameworks */ = {isa = PBXBuildFile; productRef = D81153352A980C2700446EEF /* SwiftOperators */; };
		D81153382A980C2700446EEF /* SwiftParser in Frameworks */ = {isa = PBXBuildFile; productRef = D81153372A980C2700446EEF /* SwiftParser */; };
		D811533A2A980C2700446EEF /* SwiftParserDiagnostics in Frameworks */ = {isa = PBXBuildFile; productRef = D81153392A980C2700446EEF /* SwiftParserDiagnostics */; };
		D8390A9A2A67786400E4AD63 /* ProfileView.swift in Sources */ = {isa = PBXBuildFile; fileRef = D8390A992A67786400E4AD63 /* ProfileView.swift */; };
		D83E14702A63986D002D6045 /* GoogleService-Info.plist in Resources */ = {isa = PBXBuildFile; fileRef = D83E146F2A63986D002D6045 /* GoogleService-Info.plist */; };
		D83E14732A639A9B002D6045 /* FirebaseFirestore in Frameworks */ = {isa = PBXBuildFile; productRef = D83E14722A639A9B002D6045 /* FirebaseFirestore */; };
		D85247E92A7F942F008EF8B9 /* Singletons.swift in Sources */ = {isa = PBXBuildFile; fileRef = D85247E82A7F942F008EF8B9 /* Singletons.swift */; };
		D853CB042A95B6BA0001389E /* DegreeProgressView.swift in Sources */ = {isa = PBXBuildFile; fileRef = D853CB032A95B6BA0001389E /* DegreeProgressView.swift */; };
		D8676F572A5BD3E5009A2C37 /* Slug_Course_MapApp.swift in Sources */ = {isa = PBXBuildFile; fileRef = D8676F562A5BD3E5009A2C37 /* Slug_Course_MapApp.swift */; };
		D8676F592A5BD3E5009A2C37 /* ContentView.swift in Sources */ = {isa = PBXBuildFile; fileRef = D8676F582A5BD3E5009A2C37 /* ContentView.swift */; };
		D8676F5B2A5BD3E6009A2C37 /* Assets.xcassets in Resources */ = {isa = PBXBuildFile; fileRef = D8676F5A2A5BD3E6009A2C37 /* Assets.xcassets */; };
		D8676F5E2A5BD3E6009A2C37 /* Preview Assets.xcassets in Resources */ = {isa = PBXBuildFile; fileRef = D8676F5D2A5BD3E6009A2C37 /* Preview Assets.xcassets */; };
		D86B5CDB2AAB051E00009947 /* DegreeDetail.swift in Sources */ = {isa = PBXBuildFile; fileRef = D86B5CDA2AAB051E00009947 /* DegreeDetail.swift */; };
		D874B2CE2AA857A900B80C3F /* MapView.swift in Sources */ = {isa = PBXBuildFile; fileRef = D874B2CD2AA857A900B80C3F /* MapView.swift */; };
		D894B15B2A6E6DB20056A88B /* Course.swift in Sources */ = {isa = PBXBuildFile; fileRef = D894B15A2A6E6DB20056A88B /* Course.swift */; };
		D89868B42A70FB9B002D4A56 /* CourseBookVM.swift in Sources */ = {isa = PBXBuildFile; fileRef = D89868B32A70FB9B002D4A56 /* CourseBookVM.swift */; };
		D8C300332A691D9F00181AD1 /* CourseModel.swift in Sources */ = {isa = PBXBuildFile; fileRef = D8C300322A691D9F00181AD1 /* CourseModel.swift */; };
		D8C63F122A64659400BFEE89 /* AreaView.swift in Sources */ = {isa = PBXBuildFile; fileRef = D8C63F112A64659400BFEE89 /* AreaView.swift */; };
		D8C63F142A647F3F00BFEE89 /* CourseView.swift in Sources */ = {isa = PBXBuildFile; fileRef = D8C63F132A647F3F00BFEE89 /* CourseView.swift */; };
		D8D641A32A6733A5004EEC82 /* Extensions.swift in Sources */ = {isa = PBXBuildFile; fileRef = D8D641A22A6733A5004EEC82 /* Extensions.swift */; };
		D8D641A52A6733E6004EEC82 /* CourseBookView.swift in Sources */ = {isa = PBXBuildFile; fileRef = D8D641A42A6733E6004EEC82 /* CourseBookView.swift */; };
		D8E22EAA2AAAC089007917A2 /* DegreeView.swift in Sources */ = {isa = PBXBuildFile; fileRef = D8E22EA92AAAC089007917A2 /* DegreeView.swift */; };
		D8E815DA2AB567AE008B0130 /* BackButton.swift in Sources */ = {isa = PBXBuildFile; fileRef = D8E815D92AB567AE008B0130 /* BackButton.swift */; };
/* End PBXBuildFile section */

/* Begin PBXFileReference section */
		D805DF272A6F1C5000D3B494 /* Test.swift */ = {isa = PBXFileReference; lastKnownFileType = sourcecode.swift; path = Test.swift; sourceTree = "<group>"; };
		D8390A992A67786400E4AD63 /* ProfileView.swift */ = {isa = PBXFileReference; lastKnownFileType = sourcecode.swift; path = ProfileView.swift; sourceTree = "<group>"; };
		D83E146F2A63986D002D6045 /* GoogleService-Info.plist */ = {isa = PBXFileReference; fileEncoding = 4; lastKnownFileType = text.plist.xml; path = "GoogleService-Info.plist"; sourceTree = "<group>"; };
		D85247E82A7F942F008EF8B9 /* Singletons.swift */ = {isa = PBXFileReference; lastKnownFileType = sourcecode.swift; path = Singletons.swift; sourceTree = "<group>"; };
		D853CB032A95B6BA0001389E /* DegreeProgressView.swift */ = {isa = PBXFileReference; lastKnownFileType = sourcecode.swift; path = DegreeProgressView.swift; sourceTree = "<group>"; };
		D8676F532A5BD3E5009A2C37 /* Slug Course Map.app */ = {isa = PBXFileReference; explicitFileType = wrapper.application; includeInIndex = 0; path = "Slug Course Map.app"; sourceTree = BUILT_PRODUCTS_DIR; };
		D8676F562A5BD3E5009A2C37 /* Slug_Course_MapApp.swift */ = {isa = PBXFileReference; lastKnownFileType = sourcecode.swift; path = Slug_Course_MapApp.swift; sourceTree = "<group>"; };
		D8676F582A5BD3E5009A2C37 /* ContentView.swift */ = {isa = PBXFileReference; lastKnownFileType = sourcecode.swift; path = ContentView.swift; sourceTree = "<group>"; };
		D8676F5A2A5BD3E6009A2C37 /* Assets.xcassets */ = {isa = PBXFileReference; lastKnownFileType = folder.assetcatalog; path = Assets.xcassets; sourceTree = "<group>"; };
		D8676F5D2A5BD3E6009A2C37 /* Preview Assets.xcassets */ = {isa = PBXFileReference; lastKnownFileType = folder.assetcatalog; path = "Preview Assets.xcassets"; sourceTree = "<group>"; };
		D86B5CDA2AAB051E00009947 /* DegreeDetail.swift */ = {isa = PBXFileReference; lastKnownFileType = sourcecode.swift; path = DegreeDetail.swift; sourceTree = "<group>"; };
		D874B2CD2AA857A900B80C3F /* MapView.swift */ = {isa = PBXFileReference; lastKnownFileType = sourcecode.swift; path = MapView.swift; sourceTree = "<group>"; };
		D894B15A2A6E6DB20056A88B /* Course.swift */ = {isa = PBXFileReference; lastKnownFileType = sourcecode.swift; path = Course.swift; sourceTree = "<group>"; };
		D89868B32A70FB9B002D4A56 /* CourseBookVM.swift */ = {isa = PBXFileReference; lastKnownFileType = sourcecode.swift; path = CourseBookVM.swift; sourceTree = "<group>"; };
		D8C300322A691D9F00181AD1 /* CourseModel.swift */ = {isa = PBXFileReference; lastKnownFileType = sourcecode.swift; path = CourseModel.swift; sourceTree = "<group>"; };
		D8C63F112A64659400BFEE89 /* AreaView.swift */ = {isa = PBXFileReference; lastKnownFileType = sourcecode.swift; path = AreaView.swift; sourceTree = "<group>"; };
		D8C63F132A647F3F00BFEE89 /* CourseView.swift */ = {isa = PBXFileReference; lastKnownFileType = sourcecode.swift; path = CourseView.swift; sourceTree = "<group>"; };
		D8D641A22A6733A5004EEC82 /* Extensions.swift */ = {isa = PBXFileReference; lastKnownFileType = sourcecode.swift; path = Extensions.swift; sourceTree = "<group>"; };
		D8D641A42A6733E6004EEC82 /* CourseBookView.swift */ = {isa = PBXFileReference; lastKnownFileType = sourcecode.swift; path = CourseBookView.swift; sourceTree = "<group>"; };
		D8E22EA92AAAC089007917A2 /* DegreeView.swift */ = {isa = PBXFileReference; lastKnownFileType = sourcecode.swift; path = DegreeView.swift; sourceTree = "<group>"; };
		D8E815D92AB567AE008B0130 /* BackButton.swift */ = {isa = PBXFileReference; lastKnownFileType = sourcecode.swift; path = BackButton.swift; sourceTree = "<group>"; };
/* End PBXFileReference section */

/* Begin PBXFrameworksBuildPhase section */
		D8676F502A5BD3E5009A2C37 /* Frameworks */ = {
			isa = PBXFrameworksBuildPhase;
			buildActionMask = 2147483647;
			files = (
				D81153342A980C2700446EEF /* SwiftDiagnostics in Frameworks */,
				D83E14732A639A9B002D6045 /* FirebaseFirestore in Frameworks */,
				D811533A2A980C2700446EEF /* SwiftParserDiagnostics in Frameworks */,
				D81153382A980C2700446EEF /* SwiftParser in Frameworks */,
				D81153362A980C2700446EEF /* SwiftOperators in Frameworks */,
				D81153322A980C2700446EEF /* IDEUtils in Frameworks */,
			);
			runOnlyForDeploymentPostprocessing = 0;
		};
/* End PBXFrameworksBuildPhase section */

/* Begin PBXGroup section */
		D853CB022A95B6A10001389E /* Profile */ = {
			isa = PBXGroup;
			children = (
				D8390A992A67786400E4AD63 /* ProfileView.swift */,
				D853CB032A95B6BA0001389E /* DegreeProgressView.swift */,
			);
			path = Profile;
			sourceTree = "<group>";
		};
		D8676F4A2A5BD3E5009A2C37 = {
			isa = PBXGroup;
			children = (
				D8676F552A5BD3E5009A2C37 /* Slug Course Map */,
				D8676F542A5BD3E5009A2C37 /* Products */,
			);
			sourceTree = "<group>";
		};
		D8676F542A5BD3E5009A2C37 /* Products */ = {
			isa = PBXGroup;
			children = (
				D8676F532A5BD3E5009A2C37 /* Slug Course Map.app */,
			);
			name = Products;
			sourceTree = "<group>";
		};
		D8676F552A5BD3E5009A2C37 /* Slug Course Map */ = {
			isa = PBXGroup;
			children = (
				D8C63F0F2A64653F00BFEE89 /* Main */,
				D8C63F102A64654E00BFEE89 /* Files */,
				D83E146F2A63986D002D6045 /* GoogleService-Info.plist */,
				D805DF272A6F1C5000D3B494 /* Test.swift */,
			);
			path = "Slug Course Map";
			sourceTree = "<group>";
		};
		D8676F5C2A5BD3E6009A2C37 /* Preview Content */ = {
			isa = PBXGroup;
			children = (
				D8676F5D2A5BD3E6009A2C37 /* Preview Assets.xcassets */,
			);
			path = "Preview Content";
			sourceTree = "<group>";
		};
		D874B2CC2AA8579F00B80C3F /* Map */ = {
			isa = PBXGroup;
			children = (
				D874B2CD2AA857A900B80C3F /* MapView.swift */,
			);
			path = Map;
			sourceTree = "<group>";
		};
		D8C63F0F2A64653F00BFEE89 /* Main */ = {
			isa = PBXGroup;
			children = (
				D8676F582A5BD3E5009A2C37 /* ContentView.swift */,
				D8E22EA82AAAC069007917A2 /* Degree */,
				D8E22EA72AAABCDA007917A2 /* Course Book */,
				D874B2CC2AA8579F00B80C3F /* Map */,
				D853CB022A95B6A10001389E /* Profile */,
			);
			path = Main;
			sourceTree = "<group>";
		};
		D8C63F102A64654E00BFEE89 /* Files */ = {
			isa = PBXGroup;
			children = (
				D8E815D62AB5667E008B0130 /* HelperViews */,
				D8676F562A5BD3E5009A2C37 /* Slug_Course_MapApp.swift */,
				D8676F5C2A5BD3E6009A2C37 /* Preview Content */,
				D8676F5A2A5BD3E6009A2C37 /* Assets.xcassets */,
				D8D641A22A6733A5004EEC82 /* Extensions.swift */,
				D85247E82A7F942F008EF8B9 /* Singletons.swift */,
			);
			path = Files;
			sourceTree = "<group>";
		};
		D8E22EA72AAABCDA007917A2 /* Course Book */ = {
			isa = PBXGroup;
			children = (
				D8C63F112A64659400BFEE89 /* AreaView.swift */,
				D8D641A42A6733E6004EEC82 /* CourseBookView.swift */,
				D8C300322A691D9F00181AD1 /* CourseModel.swift */,
				D89868B32A70FB9B002D4A56 /* CourseBookVM.swift */,
				D8C63F132A647F3F00BFEE89 /* CourseView.swift */,
				D894B15A2A6E6DB20056A88B /* Course.swift */,
			);
			path = "Course Book";
			sourceTree = "<group>";
		};
		D8E22EA82AAAC069007917A2 /* Degree */ = {
			isa = PBXGroup;
			children = (
				D8E22EA92AAAC089007917A2 /* DegreeView.swift */,
				D86B5CDA2AAB051E00009947 /* DegreeDetail.swift */,
			);
			path = Degree;
			sourceTree = "<group>";
		};
		D8E815D62AB5667E008B0130 /* HelperViews */ = {
			isa = PBXGroup;
			children = (
				D8E815D92AB567AE008B0130 /* BackButton.swift */,
			);
			path = HelperViews;
			sourceTree = "<group>";
		};
/* End PBXGroup section */

/* Begin PBXNativeTarget section */
		D8676F522A5BD3E5009A2C37 /* Slug Course Map */ = {
			isa = PBXNativeTarget;
			buildConfigurationList = D8676F612A5BD3E6009A2C37 /* Build configuration list for PBXNativeTarget "Slug Course Map" */;
			buildPhases = (
				D8676F4F2A5BD3E5009A2C37 /* Sources */,
				D8676F502A5BD3E5009A2C37 /* Frameworks */,
				D8676F512A5BD3E5009A2C37 /* Resources */,
			);
			buildRules = (
			);
			dependencies = (
			);
			name = "Slug Course Map";
			packageProductDependencies = (
				D83E14722A639A9B002D6045 /* FirebaseFirestore */,
				D81153312A980C2700446EEF /* IDEUtils */,
				D81153332A980C2700446EEF /* SwiftDiagnostics */,
				D81153352A980C2700446EEF /* SwiftOperators */,
				D81153372A980C2700446EEF /* SwiftParser */,
				D81153392A980C2700446EEF /* SwiftParserDiagnostics */,
			);
			productName = "Slug Course Map";
			productReference = D8676F532A5BD3E5009A2C37 /* Slug Course Map.app */;
			productType = "com.apple.product-type.application";
		};
/* End PBXNativeTarget section */

/* Begin PBXProject section */
		D8676F4B2A5BD3E5009A2C37 /* Project object */ = {
			isa = PBXProject;
			attributes = {
				BuildIndependentTargetsInParallel = 1;
				LastSwiftUpdateCheck = 1430;
				LastUpgradeCheck = 1430;
				TargetAttributes = {
					D8676F522A5BD3E5009A2C37 = {
						CreatedOnToolsVersion = 14.3.1;
					};
				};
			};
			buildConfigurationList = D8676F4E2A5BD3E5009A2C37 /* Build configuration list for PBXProject "Slug Course Map" */;
			compatibilityVersion = "Xcode 14.0";
			developmentRegion = en;
			hasScannedForEncodings = 0;
			knownRegions = (
				en,
				Base,
			);
			mainGroup = D8676F4A2A5BD3E5009A2C37;
			packageReferences = (
				D83E14712A639A9B002D6045 /* XCRemoteSwiftPackageReference "firebase-ios-sdk" */,
				D81153302A980C2700446EEF /* XCRemoteSwiftPackageReference "swift-syntax" */,
			);
			productRefGroup = D8676F542A5BD3E5009A2C37 /* Products */;
			projectDirPath = "";
			projectRoot = "";
			targets = (
				D8676F522A5BD3E5009A2C37 /* Slug Course Map */,
			);
		};
/* End PBXProject section */

/* Begin PBXResourcesBuildPhase section */
		D8676F512A5BD3E5009A2C37 /* Resources */ = {
			isa = PBXResourcesBuildPhase;
			buildActionMask = 2147483647;
			files = (
				D8676F5E2A5BD3E6009A2C37 /* Preview Assets.xcassets in Resources */,
				D8676F5B2A5BD3E6009A2C37 /* Assets.xcassets in Resources */,
				D83E14702A63986D002D6045 /* GoogleService-Info.plist in Resources */,
			);
			runOnlyForDeploymentPostprocessing = 0;
		};
/* End PBXResourcesBuildPhase section */

/* Begin PBXSourcesBuildPhase section */
		D8676F4F2A5BD3E5009A2C37 /* Sources */ = {
			isa = PBXSourcesBuildPhase;
			buildActionMask = 2147483647;
			files = (
				D894B15B2A6E6DB20056A88B /* Course.swift in Sources */,
				D8C63F122A64659400BFEE89 /* AreaView.swift in Sources */,
				D8E22EAA2AAAC089007917A2 /* DegreeView.swift in Sources */,
				D86B5CDB2AAB051E00009947 /* DegreeDetail.swift in Sources */,
				D8D641A32A6733A5004EEC82 /* Extensions.swift in Sources */,
				D8D641A52A6733E6004EEC82 /* CourseBookView.swift in Sources */,
				D8676F592A5BD3E5009A2C37 /* ContentView.swift in Sources */,
				D8676F572A5BD3E5009A2C37 /* Slug_Course_MapApp.swift in Sources */,
				D8390A9A2A67786400E4AD63 /* ProfileView.swift in Sources */,
				D874B2CE2AA857A900B80C3F /* MapView.swift in Sources */,
				D89868B42A70FB9B002D4A56 /* CourseBookVM.swift in Sources */,
				D805DF282A6F1C5000D3B494 /* Test.swift in Sources */,
				D8C300332A691D9F00181AD1 /* CourseModel.swift in Sources */,
				D8E815DA2AB567AE008B0130 /* BackButton.swift in Sources */,
				D853CB042A95B6BA0001389E /* DegreeProgressView.swift in Sources */,
				D8C63F142A647F3F00BFEE89 /* CourseView.swift in Sources */,
				D85247E92A7F942F008EF8B9 /* Singletons.swift in Sources */,
			);
			runOnlyForDeploymentPostprocessing = 0;
		};
/* End PBXSourcesBuildPhase section */

/* Begin XCBuildConfiguration section */
		D8676F5F2A5BD3E6009A2C37 /* Debug */ = {
			isa = XCBuildConfiguration;
			buildSettings = {
				ALWAYS_SEARCH_USER_PATHS = NO;
				CLANG_ANALYZER_NONNULL = YES;
				CLANG_ANALYZER_NUMBER_OBJECT_CONVERSION = YES_AGGRESSIVE;
				CLANG_CXX_LANGUAGE_STANDARD = "gnu++20";
				CLANG_ENABLE_MODULES = YES;
				CLANG_ENABLE_OBJC_ARC = YES;
				CLANG_ENABLE_OBJC_WEAK = YES;
				CLANG_WARN_BLOCK_CAPTURE_AUTORELEASING = YES;
				CLANG_WARN_BOOL_CONVERSION = YES;
				CLANG_WARN_COMMA = YES;
				CLANG_WARN_CONSTANT_CONVERSION = YES;
				CLANG_WARN_DEPRECATED_OBJC_IMPLEMENTATIONS = YES;
				CLANG_WARN_DIRECT_OBJC_ISA_USAGE = YES_ERROR;
				CLANG_WARN_DOCUMENTATION_COMMENTS = YES;
				CLANG_WARN_EMPTY_BODY = YES;
				CLANG_WARN_ENUM_CONVERSION = YES;
				CLANG_WARN_INFINITE_RECURSION = YES;
				CLANG_WARN_INT_CONVERSION = YES;
				CLANG_WARN_NON_LITERAL_NULL_CONVERSION = YES;
				CLANG_WARN_OBJC_IMPLICIT_RETAIN_SELF = YES;
				CLANG_WARN_OBJC_LITERAL_CONVERSION = YES;
				CLANG_WARN_OBJC_ROOT_CLASS = YES_ERROR;
				CLANG_WARN_QUOTED_INCLUDE_IN_FRAMEWORK_HEADER = YES;
				CLANG_WARN_RANGE_LOOP_ANALYSIS = YES;
				CLANG_WARN_STRICT_PROTOTYPES = YES;
				CLANG_WARN_SUSPICIOUS_MOVE = YES;
				CLANG_WARN_UNGUARDED_AVAILABILITY = YES_AGGRESSIVE;
				CLANG_WARN_UNREACHABLE_CODE = YES;
				CLANG_WARN__DUPLICATE_METHOD_MATCH = YES;
				COPY_PHASE_STRIP = NO;
				DEBUG_INFORMATION_FORMAT = dwarf;
				ENABLE_STRICT_OBJC_MSGSEND = YES;
				ENABLE_TESTABILITY = YES;
				GCC_C_LANGUAGE_STANDARD = gnu11;
				GCC_DYNAMIC_NO_PIC = NO;
				GCC_NO_COMMON_BLOCKS = YES;
				GCC_OPTIMIZATION_LEVEL = 0;
				GCC_PREPROCESSOR_DEFINITIONS = (
					"DEBUG=1",
					"$(inherited)",
				);
				GCC_WARN_64_TO_32_BIT_CONVERSION = YES;
				GCC_WARN_ABOUT_RETURN_TYPE = YES_ERROR;
				GCC_WARN_UNDECLARED_SELECTOR = YES;
				GCC_WARN_UNINITIALIZED_AUTOS = YES_AGGRESSIVE;
				GCC_WARN_UNUSED_FUNCTION = YES;
				GCC_WARN_UNUSED_VARIABLE = YES;
				IPHONEOS_DEPLOYMENT_TARGET = 17.0;
				MTL_ENABLE_DEBUG_INFO = INCLUDE_SOURCE;
				MTL_FAST_MATH = YES;
				ONLY_ACTIVE_ARCH = YES;
				SDKROOT = iphoneos;
				SWIFT_ACTIVE_COMPILATION_CONDITIONS = DEBUG;
				SWIFT_OPTIMIZATION_LEVEL = "-Onone";
			};
			name = Debug;
		};
		D8676F602A5BD3E6009A2C37 /* Release */ = {
			isa = XCBuildConfiguration;
			buildSettings = {
				ALWAYS_SEARCH_USER_PATHS = NO;
				CLANG_ANALYZER_NONNULL = YES;
				CLANG_ANALYZER_NUMBER_OBJECT_CONVERSION = YES_AGGRESSIVE;
				CLANG_CXX_LANGUAGE_STANDARD = "gnu++20";
				CLANG_ENABLE_MODULES = YES;
				CLANG_ENABLE_OBJC_ARC = YES;
				CLANG_ENABLE_OBJC_WEAK = YES;
				CLANG_WARN_BLOCK_CAPTURE_AUTORELEASING = YES;
				CLANG_WARN_BOOL_CONVERSION = YES;
				CLANG_WARN_COMMA = YES;
				CLANG_WARN_CONSTANT_CONVERSION = YES;
				CLANG_WARN_DEPRECATED_OBJC_IMPLEMENTATIONS = YES;
				CLANG_WARN_DIRECT_OBJC_ISA_USAGE = YES_ERROR;
				CLANG_WARN_DOCUMENTATION_COMMENTS = YES;
				CLANG_WARN_EMPTY_BODY = YES;
				CLANG_WARN_ENUM_CONVERSION = YES;
				CLANG_WARN_INFINITE_RECURSION = YES;
				CLANG_WARN_INT_CONVERSION = YES;
				CLANG_WARN_NON_LITERAL_NULL_CONVERSION = YES;
				CLANG_WARN_OBJC_IMPLICIT_RETAIN_SELF = YES;
				CLANG_WARN_OBJC_LITERAL_CONVERSION = YES;
				CLANG_WARN_OBJC_ROOT_CLASS = YES_ERROR;
				CLANG_WARN_QUOTED_INCLUDE_IN_FRAMEWORK_HEADER = YES;
				CLANG_WARN_RANGE_LOOP_ANALYSIS = YES;
				CLANG_WARN_STRICT_PROTOTYPES = YES;
				CLANG_WARN_SUSPICIOUS_MOVE = YES;
				CLANG_WARN_UNGUARDED_AVAILABILITY = YES_AGGRESSIVE;
				CLANG_WARN_UNREACHABLE_CODE = YES;
				CLANG_WARN__DUPLICATE_METHOD_MATCH = YES;
				COPY_PHASE_STRIP = NO;
				DEBUG_INFORMATION_FORMAT = "dwarf-with-dsym";
				ENABLE_NS_ASSERTIONS = NO;
				ENABLE_STRICT_OBJC_MSGSEND = YES;
				GCC_C_LANGUAGE_STANDARD = gnu11;
				GCC_NO_COMMON_BLOCKS = YES;
				GCC_WARN_64_TO_32_BIT_CONVERSION = YES;
				GCC_WARN_ABOUT_RETURN_TYPE = YES_ERROR;
				GCC_WARN_UNDECLARED_SELECTOR = YES;
				GCC_WARN_UNINITIALIZED_AUTOS = YES_AGGRESSIVE;
				GCC_WARN_UNUSED_FUNCTION = YES;
				GCC_WARN_UNUSED_VARIABLE = YES;
				IPHONEOS_DEPLOYMENT_TARGET = 17.0;
				MTL_ENABLE_DEBUG_INFO = NO;
				MTL_FAST_MATH = YES;
				SDKROOT = iphoneos;
				SWIFT_COMPILATION_MODE = wholemodule;
				SWIFT_OPTIMIZATION_LEVEL = "-O";
				VALIDATE_PRODUCT = YES;
			};
			name = Release;
		};
		D8676F622A5BD3E6009A2C37 /* Debug */ = {
			isa = XCBuildConfiguration;
			buildSettings = {
				ASSETCATALOG_COMPILER_APPICON_NAME = AppIcon;
				ASSETCATALOG_COMPILER_GLOBAL_ACCENT_COLOR_NAME = AccentColor;
				CODE_SIGN_STYLE = Automatic;
				CURRENT_PROJECT_VERSION = 1;
				DEVELOPMENT_ASSET_PATHS = "\"Slug Course Map/Files/Preview Content\"";
				DEVELOPMENT_TEAM = 798S44L2X9;
				ENABLE_PREVIEWS = YES;
				GENERATE_INFOPLIST_FILE = YES;
				INFOPLIST_KEY_NSLocationWhenInUseUsageDescription = "Location needed to use map :)";
				INFOPLIST_KEY_UIApplicationSceneManifest_Generation = YES;
				INFOPLIST_KEY_UILaunchScreen_Generation = YES;
				INFOPLIST_KEY_UISupportedInterfaceOrientations = UIInterfaceOrientationPortrait;
				LD_RUNPATH_SEARCH_PATHS = (
					"$(inherited)",
					"@executable_path/Frameworks",
				);
				MARKETING_VERSION = 1.0;
				PRODUCT_BUNDLE_IDENTIFIER = "com.StoicSoftware.Slug-Course-Map";
				PRODUCT_NAME = "$(TARGET_NAME)";
				SWIFT_EMIT_LOC_STRINGS = YES;
				SWIFT_VERSION = 5.0;
				TARGETED_DEVICE_FAMILY = "1,2";
			};
			name = Debug;
		};
		D8676F632A5BD3E6009A2C37 /* Release */ = {
			isa = XCBuildConfiguration;
			buildSettings = {
				ASSETCATALOG_COMPILER_APPICON_NAME = AppIcon;
				ASSETCATALOG_COMPILER_GLOBAL_ACCENT_COLOR_NAME = AccentColor;
				CODE_SIGN_STYLE = Automatic;
				CURRENT_PROJECT_VERSION = 1;
				DEVELOPMENT_ASSET_PATHS = "\"Slug Course Map/Files/Preview Content\"";
				DEVELOPMENT_TEAM = 798S44L2X9;
				ENABLE_PREVIEWS = YES;
				GENERATE_INFOPLIST_FILE = YES;
				INFOPLIST_KEY_NSLocationWhenInUseUsageDescription = "Location needed to use map :)";
				INFOPLIST_KEY_UIApplicationSceneManifest_Generation = YES;
				INFOPLIST_KEY_UILaunchScreen_Generation = YES;
				INFOPLIST_KEY_UISupportedInterfaceOrientations = UIInterfaceOrientationPortrait;
				LD_RUNPATH_SEARCH_PATHS = (
					"$(inherited)",
					"@executable_path/Frameworks",
				);
				MARKETING_VERSION = 1.0;
				PRODUCT_BUNDLE_IDENTIFIER = "com.StoicSoftware.Slug-Course-Map";
				PRODUCT_NAME = "$(TARGET_NAME)";
				SWIFT_EMIT_LOC_STRINGS = YES;
				SWIFT_VERSION = 5.0;
				TARGETED_DEVICE_FAMILY = "1,2";
			};
			name = Release;
		};
/* End XCBuildConfiguration section */

/* Begin XCConfigurationList section */
		D8676F4E2A5BD3E5009A2C37 /* Build configuration list for PBXProject "Slug Course Map" */ = {
			isa = XCConfigurationList;
			buildConfigurations = (
				D8676F5F2A5BD3E6009A2C37 /* Debug */,
				D8676F602A5BD3E6009A2C37 /* Release */,
			);
			defaultConfigurationIsVisible = 0;
			defaultConfigurationName = Release;
		};
		D8676F612A5BD3E6009A2C37 /* Build configuration list for PBXNativeTarget "Slug Course Map" */ = {
			isa = XCConfigurationList;
			buildConfigurations = (
				D8676F622A5BD3E6009A2C37 /* Debug */,
				D8676F632A5BD3E6009A2C37 /* Release */,
			);
			defaultConfigurationIsVisible = 0;
			defaultConfigurationName = Release;
		};
/* End XCConfigurationList section */

/* Begin XCRemoteSwiftPackageReference section */
		D81153302A980C2700446EEF /* XCRemoteSwiftPackageReference "swift-syntax" */ = {
			isa = XCRemoteSwiftPackageReference;
			repositoryURL = "https://github.com/apple/swift-syntax.git";
			requirement = {
				kind = upToNextMajorVersion;
				minimumVersion = 508.0.1;
			};
		};
		D83E14712A639A9B002D6045 /* XCRemoteSwiftPackageReference "firebase-ios-sdk" */ = {
			isa = XCRemoteSwiftPackageReference;
			repositoryURL = "https://github.com/firebase/firebase-ios-sdk";
			requirement = {
				kind = upToNextMajorVersion;
				minimumVersion = 10.0.0;
			};
		};
/* End XCRemoteSwiftPackageReference section */

/* Begin XCSwiftPackageProductDependency section */
		D81153312A980C2700446EEF /* IDEUtils */ = {
			isa = XCSwiftPackageProductDependency;
			package = D81153302A980C2700446EEF /* XCRemoteSwiftPackageReference "swift-syntax" */;
			productName = IDEUtils;
		};
		D81153332A980C2700446EEF /* SwiftDiagnostics */ = {
			isa = XCSwiftPackageProductDependency;
			package = D81153302A980C2700446EEF /* XCRemoteSwiftPackageReference "swift-syntax" */;
			productName = SwiftDiagnostics;
		};
		D81153352A980C2700446EEF /* SwiftOperators */ = {
			isa = XCSwiftPackageProductDependency;
			package = D81153302A980C2700446EEF /* XCRemoteSwiftPackageReference "swift-syntax" */;
			productName = SwiftOperators;
		};
		D81153372A980C2700446EEF /* SwiftParser */ = {
			isa = XCSwiftPackageProductDependency;
			package = D81153302A980C2700446EEF /* XCRemoteSwiftPackageReference "swift-syntax" */;
			productName = SwiftParser;
		};
		D81153392A980C2700446EEF /* SwiftParserDiagnostics */ = {
			isa = XCSwiftPackageProductDependency;
			package = D81153302A980C2700446EEF /* XCRemoteSwiftPackageReference "swift-syntax" */;
			productName = SwiftParserDiagnostics;
		};
		D83E14722A639A9B002D6045 /* FirebaseFirestore */ = {
			isa = XCSwiftPackageProductDependency;
			package = D83E14712A639A9B002D6045 /* XCRemoteSwiftPackageReference "firebase-ios-sdk" */;
			productName = FirebaseFirestore;
		};
/* End XCSwiftPackageProductDependency section */
	};
	rootObject = D8676F4B2A5BD3E5009A2C37 /* Project object */;
}
